
Microsoft Visual Studio Solution File, Format Version 12.00
# Visual Studio 15
VisualStudioVersion = 15.0.26730.16
MinimumVisualStudioVersion = 10.0.40219.1
Project("{F2A71F9B-5D33-465A-A702-920D77279786}") = "BeFaster.App", "src\BeFaster.App\BeFaster.App.fsproj", "{180ED644-231D-4355-B171-0ECAF40E365E}"
EndProject
Project("{F2A71F9B-5D33-465A-A702-920D77279786}") = "BeFaster.App.Tests", "src\BeFaster.App.Tests\BeFaster.App.Tests.fsproj", "{BE6C0F6B-AFE9-4A58-9CA7-4D0BF5A4476C}"
EndProject
Project("{FAE04EC0-301F-11D3-BF4B-00C04F79EFBC}") = "BeFaster.Runner", "src\BeFaster.Runner\BeFaster.Runner.csproj", "{A791C7CB-2ABF-40A0-8D3B-93AA58C97AE5}"
EndProject
Global
	GlobalSection(SolutionConfigurationPlatforms) = preSolution
		Debug|Any CPU = Debug|Any CPU
		Release|Any CPU = Release|Any CPU
	EndGlobalSection
	GlobalSection(ProjectConfigurationPlatforms) = postSolution
		{180ED644-231D-4355-B171-0ECAF40E365E}.Debug|Any CPU.ActiveCfg = Debug|Any CPU
		{180ED644-231D-4355-B171-0ECAF40E365E}.Debug|Any CPU.Build.0 = Debug|Any CPU
		{180ED644-231D-4355-B171-0ECAF40E365E}.Release|Any CPU.ActiveCfg = Release|Any CPU
		{180ED644-231D-4355-B171-0ECAF40E365E}.Release|Any CPU.Build.0 = Release|Any CPU
		{BE6C0F6B-AFE9-4A58-9CA7-4D0BF5A4476C}.Debug|Any CPU.ActiveCfg = Debug|Any CPU
		{BE6C0F6B-AFE9-4A58-9CA7-4D0BF5A4476C}.Debug|Any CPU.Build.0 = Debug|Any CPU
		{BE6C0F6B-AFE9-4A58-9CA7-4D0BF5A4476C}.Release|Any CPU.ActiveCfg = Release|Any CPU
		{BE6C0F6B-AFE9-4A58-9CA7-4D0BF5A4476C}.Release|Any CPU.Build.0 = Release|Any CPU
		{A791C7CB-2ABF-40A0-8D3B-93AA58C97AE5}.Debug|Any CPU.ActiveCfg = Debug|Any CPU
		{A791C7CB-2ABF-40A0-8D3B-93AA58C97AE5}.Debug|Any CPU.Build.0 = Debug|Any CPU
		{A791C7CB-2ABF-40A0-8D3B-93AA58C97AE5}.Release|Any CPU.ActiveCfg = Release|Any CPU
		{A791C7CB-2ABF-40A0-8D3B-93AA58C97AE5}.Release|Any CPU.Build.0 = Release|Any CPU
	EndGlobalSection
	GlobalSection(SolutionProperties) = preSolution
		HideSolutionNode = FALSE
	EndGlobalSection
	GlobalSection(ExtensibilityGlobals) = postSolution
		SolutionGuid = {502B552F-0111-41BF-9E92-96ABC31DB0EB}
	EndGlobalSection
EndGlobal
